
Microsoft Visual Studio Solution File, Format Version 12.00
# Visual Studio 2013
VisualStudioVersion = 12.0.21005.1
MinimumVisualStudioVersion = 10.0.40219.1
Project("{FAE04EC0-301F-11D3-BF4B-00C04F79EFBC}") = "Tangle.Net", "Tangle.Net\Tangle.Net.csproj", "{6678B808-1464-490E-BECD-842305000560}"
EndProject
Project("{FAE04EC0-301F-11D3-BF4B-00C04F79EFBC}") = "Tangle.Net.Console", "Tangle.Net.Console\Tangle.Net.Console.csproj", "{8859F79E-5075-4A03-BDCF-5AF6DB883BDE}"
EndProject
Project("{FAE04EC0-301F-11D3-BF4B-00C04F79EFBC}") = "crypto.Net45", "crypto\crypto.Net45.csproj", "{45473847-8AF8-4BAF-B768-442C6875B8CF}"
EndProject
Global
	GlobalSection(SolutionConfigurationPlatforms) = preSolution
		Debug|Any CPU = Debug|Any CPU
		Release|Any CPU = Release|Any CPU
	EndGlobalSection
	GlobalSection(ProjectConfigurationPlatforms) = postSolution
		{6678B808-1464-490E-BECD-842305000560}.Debug|Any CPU.ActiveCfg = Debug|Any CPU
		{6678B808-1464-490E-BECD-842305000560}.Debug|Any CPU.Build.0 = Debug|Any CPU
		{6678B808-1464-490E-BECD-842305000560}.Release|Any CPU.ActiveCfg = Release|Any CPU
		{6678B808-1464-490E-BECD-842305000560}.Release|Any CPU.Build.0 = Release|Any CPU
		{8859F79E-5075-4A03-BDCF-5AF6DB883BDE}.Debug|Any CPU.ActiveCfg = Debug|Any CPU
		{8859F79E-5075-4A03-BDCF-5AF6DB883BDE}.Debug|Any CPU.Build.0 = Debug|Any CPU
		{8859F79E-5075-4A03-BDCF-5AF6DB883BDE}.Release|Any CPU.ActiveCfg = Release|Any CPU
		{8859F79E-5075-4A03-BDCF-5AF6DB883BDE}.Release|Any CPU.Build.0 = Release|Any CPU
		{45473847-8AF8-4BAF-B768-442C6875B8CF}.Debug|Any CPU.ActiveCfg = Debug|Any CPU
		{45473847-8AF8-4BAF-B768-442C6875B8CF}.Debug|Any CPU.Build.0 = Debug|Any CPU
		{45473847-8AF8-4BAF-B768-442C6875B8CF}.Release|Any CPU.ActiveCfg = Release|Any CPU
		{45473847-8AF8-4BAF-B768-442C6875B8CF}.Release|Any CPU.Build.0 = Release|Any CPU
	EndGlobalSection
	GlobalSection(SolutionProperties) = preSolution
		HideSolutionNode = FALSE
	EndGlobalSection
EndGlobal
