
Microsoft Visual Studio Solution File, Format Version 12.00
# Visual Studio 2013
VisualStudioVersion = 12.0.40629.0
MinimumVisualStudioVersion = 10.0.40219.1
Project("{FAE04EC0-301F-11D3-BF4B-00C04F79EFBC}") = "Tangle.Net", "Tangle.Net\Tangle.Net.csproj", "{6678B808-1464-490E-BECD-842305000560}"
EndProject
Project("{FAE04EC0-301F-11D3-BF4B-00C04F79EFBC}") = "Tangle.Net.Console", "Tangle.Net.Console\Tangle.Net.Console.csproj", "{8859F79E-5075-4A03-BDCF-5AF6DB883BDE}"
EndProject
Project("{FAE04EC0-301F-11D3-BF4B-00C04F79EFBC}") = "Bouncy.Castle", "Bouncy.Castle\Bouncy.Castle.csproj", "{45473847-8AF8-4BAF-B768-442C6875B8CF}"
EndProject
Project("{2150E333-8FDC-42A3-9474-1A3956D46DE8}") = "Solution Items", "Solution Items", "{F0E74CD6-F9DB-43C3-9730-67D7AE690C11}"
	ProjectSection(SolutionItems) = preProject
		.travis.yml = .travis.yml
		DOCUMENTATION.MD = DOCUMENTATION.MD
		LICENSE = LICENSE
		README.MD = README.MD
	EndProjectSection
EndProject
Project("{FAE04EC0-301F-11D3-BF4B-00C04F79EFBC}") = "Tangle.Net.Integration.Tests", "Tangle.Net.Integration.Tests\Tangle.Net.Integration.Tests.csproj", "{11923503-6D6E-4330-AD2C-BEB30919FEC6}"
EndProject
Project("{FAE04EC0-301F-11D3-BF4B-00C04F79EFBC}") = "Tangle.Net.Unit.Tests", "Tangle.Net.Unit.Tests\Tangle.Net.Unit.Tests.csproj", "{31D62B12-8A3B-4E33-B6A5-1D368FF1507F}"
EndProject
Global
	GlobalSection(SolutionConfigurationPlatforms) = preSolution
		Debug|Any CPU = Debug|Any CPU
		Release|Any CPU = Release|Any CPU
	EndGlobalSection
	GlobalSection(ProjectConfigurationPlatforms) = postSolution
		{6678B808-1464-490E-BECD-842305000560}.Debug|Any CPU.ActiveCfg = Debug|Any CPU
		{6678B808-1464-490E-BECD-842305000560}.Debug|Any CPU.Build.0 = Debug|Any CPU
		{6678B808-1464-490E-BECD-842305000560}.Release|Any CPU.ActiveCfg = Release|Any CPU
		{6678B808-1464-490E-BECD-842305000560}.Release|Any CPU.Build.0 = Release|Any CPU
		{8859F79E-5075-4A03-BDCF-5AF6DB883BDE}.Debug|Any CPU.ActiveCfg = Debug|Any CPU
		{8859F79E-5075-4A03-BDCF-5AF6DB883BDE}.Debug|Any CPU.Build.0 = Debug|Any CPU
		{8859F79E-5075-4A03-BDCF-5AF6DB883BDE}.Release|Any CPU.ActiveCfg = Release|Any CPU
		{8859F79E-5075-4A03-BDCF-5AF6DB883BDE}.Release|Any CPU.Build.0 = Release|Any CPU
		{45473847-8AF8-4BAF-B768-442C6875B8CF}.Debug|Any CPU.ActiveCfg = Debug|Any CPU
		{45473847-8AF8-4BAF-B768-442C6875B8CF}.Debug|Any CPU.Build.0 = Debug|Any CPU
		{45473847-8AF8-4BAF-B768-442C6875B8CF}.Release|Any CPU.ActiveCfg = Release|Any CPU
		{45473847-8AF8-4BAF-B768-442C6875B8CF}.Release|Any CPU.Build.0 = Release|Any CPU
		{11923503-6D6E-4330-AD2C-BEB30919FEC6}.Debug|Any CPU.ActiveCfg = Debug|Any CPU
		{11923503-6D6E-4330-AD2C-BEB30919FEC6}.Debug|Any CPU.Build.0 = Debug|Any CPU
		{11923503-6D6E-4330-AD2C-BEB30919FEC6}.Release|Any CPU.ActiveCfg = Release|Any CPU
		{11923503-6D6E-4330-AD2C-BEB30919FEC6}.Release|Any CPU.Build.0 = Release|Any CPU
		{31D62B12-8A3B-4E33-B6A5-1D368FF1507F}.Debug|Any CPU.ActiveCfg = Debug|Any CPU
		{31D62B12-8A3B-4E33-B6A5-1D368FF1507F}.Debug|Any CPU.Build.0 = Debug|Any CPU
		{31D62B12-8A3B-4E33-B6A5-1D368FF1507F}.Release|Any CPU.ActiveCfg = Release|Any CPU
		{31D62B12-8A3B-4E33-B6A5-1D368FF1507F}.Release|Any CPU.Build.0 = Release|Any CPU
	EndGlobalSection
	GlobalSection(SolutionProperties) = preSolution
		HideSolutionNode = FALSE
	EndGlobalSection
EndGlobal
